// !$*UTF8*$!
{
	archiveVersion = 1;
	classes = {
	};
	objectVersion = 46;
	objects = {

/* Begin PBXBuildFile section */
		BAC87F701D41448B006AFC38 /* AppDelegate.swift in Sources */ = {isa = PBXBuildFile; fileRef = BAC87F6F1D41448B006AFC38 /* AppDelegate.swift */; };
		BAC87F751D41448B006AFC38 /* Main.storyboard in Resources */ = {isa = PBXBuildFile; fileRef = BAC87F731D41448B006AFC38 /* Main.storyboard */; };
		BAC87F781D41448B006AFC38 /* NumberTiles.xcdatamodeld in Sources */ = {isa = PBXBuildFile; fileRef = BAC87F761D41448B006AFC38 /* NumberTiles.xcdatamodeld */; };
		BAC87F7A1D41448B006AFC38 /* Assets.xcassets in Resources */ = {isa = PBXBuildFile; fileRef = BAC87F791D41448B006AFC38 /* Assets.xcassets */; };
		BAC87F881D41448B006AFC38 /* NumberTilesTests.swift in Sources */ = {isa = PBXBuildFile; fileRef = BAC87F871D41448B006AFC38 /* NumberTilesTests.swift */; };
		BAC87F931D41448B006AFC38 /* NumberTilesUITests.swift in Sources */ = {isa = PBXBuildFile; fileRef = BAC87F921D41448B006AFC38 /* NumberTilesUITests.swift */; };
		BAE876A81D42007000701DC7 /* LaunchViewController.swift in Sources */ = {isa = PBXBuildFile; fileRef = BAE876A71D42007000701DC7 /* LaunchViewController.swift */; };
		BAE876AB1D42016600701DC7 /* GameScreenViewController.swift in Sources */ = {isa = PBXBuildFile; fileRef = BAE876AA1D42016600701DC7 /* GameScreenViewController.swift */; };
/* End PBXBuildFile section */

/* Begin PBXContainerItemProxy section */
		BAC87F841D41448B006AFC38 /* PBXContainerItemProxy */ = {
			isa = PBXContainerItemProxy;
			containerPortal = BAC87F641D41448B006AFC38 /* Project object */;
			proxyType = 1;
			remoteGlobalIDString = BAC87F6B1D41448B006AFC38;
			remoteInfo = NumberTiles;
		};
		BAC87F8F1D41448B006AFC38 /* PBXContainerItemProxy */ = {
			isa = PBXContainerItemProxy;
			containerPortal = BAC87F641D41448B006AFC38 /* Project object */;
			proxyType = 1;
			remoteGlobalIDString = BAC87F6B1D41448B006AFC38;
			remoteInfo = NumberTiles;
		};
/* End PBXContainerItemProxy section */

/* Begin PBXFileReference section */
		BAC87F6C1D41448B006AFC38 /* NumberTiles.app */ = {isa = PBXFileReference; explicitFileType = wrapper.application; includeInIndex = 0; path = NumberTiles.app; sourceTree = BUILT_PRODUCTS_DIR; };
		BAC87F6F1D41448B006AFC38 /* AppDelegate.swift */ = {isa = PBXFileReference; lastKnownFileType = sourcecode.swift; name = AppDelegate.swift; path = NumberTiles/AppDelegate.swift; sourceTree = "<group>"; };
		BAC87F741D41448B006AFC38 /* Base */ = {isa = PBXFileReference; lastKnownFileType = file.storyboard; name = Base; path = Base.lproj/Main.storyboard; sourceTree = "<group>"; };
		BAC87F771D41448B006AFC38 /* NumberTiles.xcdatamodel */ = {isa = PBXFileReference; lastKnownFileType = wrapper.xcdatamodel; path = NumberTiles.xcdatamodel; sourceTree = "<group>"; };
		BAC87F791D41448B006AFC38 /* Assets.xcassets */ = {isa = PBXFileReference; lastKnownFileType = folder.assetcatalog; name = Assets.xcassets; path = NumberTiles/Assets.xcassets; sourceTree = "<group>"; };
		BAC87F7E1D41448B006AFC38 /* Info.plist */ = {isa = PBXFileReference; lastKnownFileType = text.plist.xml; name = Info.plist; path = NumberTiles/Info.plist; sourceTree = "<group>"; };
		BAC87F831D41448B006AFC38 /* NumberTilesTests.xctest */ = {isa = PBXFileReference; explicitFileType = wrapper.cfbundle; includeInIndex = 0; path = NumberTilesTests.xctest; sourceTree = BUILT_PRODUCTS_DIR; };
		BAC87F871D41448B006AFC38 /* NumberTilesTests.swift */ = {isa = PBXFileReference; lastKnownFileType = sourcecode.swift; path = NumberTilesTests.swift; sourceTree = "<group>"; };
		BAC87F891D41448B006AFC38 /* Info.plist */ = {isa = PBXFileReference; lastKnownFileType = text.plist.xml; path = Info.plist; sourceTree = "<group>"; };
		BAC87F8E1D41448B006AFC38 /* NumberTilesUITests.xctest */ = {isa = PBXFileReference; explicitFileType = wrapper.cfbundle; includeInIndex = 0; path = NumberTilesUITests.xctest; sourceTree = BUILT_PRODUCTS_DIR; };
		BAC87F921D41448B006AFC38 /* NumberTilesUITests.swift */ = {isa = PBXFileReference; lastKnownFileType = sourcecode.swift; path = NumberTilesUITests.swift; sourceTree = "<group>"; };
		BAC87F941D41448B006AFC38 /* Info.plist */ = {isa = PBXFileReference; lastKnownFileType = text.plist.xml; path = Info.plist; sourceTree = "<group>"; };
		BAE876A71D42007000701DC7 /* LaunchViewController.swift */ = {isa = PBXFileReference; fileEncoding = 4; lastKnownFileType = sourcecode.swift; path = LaunchViewController.swift; sourceTree = "<group>"; };
		BAE876AA1D42016600701DC7 /* GameScreenViewController.swift */ = {isa = PBXFileReference; fileEncoding = 4; lastKnownFileType = sourcecode.swift; path = GameScreenViewController.swift; sourceTree = "<group>"; };
/* End PBXFileReference section */

/* Begin PBXFrameworksBuildPhase section */
		BAC87F691D41448B006AFC38 /* Frameworks */ = {
			isa = PBXFrameworksBuildPhase;
			buildActionMask = 2147483647;
			files = (
			);
			runOnlyForDeploymentPostprocessing = 0;
		};
		BAC87F801D41448B006AFC38 /* Frameworks */ = {
			isa = PBXFrameworksBuildPhase;
			buildActionMask = 2147483647;
			files = (
			);
			runOnlyForDeploymentPostprocessing = 0;
		};
		BAC87F8B1D41448B006AFC38 /* Frameworks */ = {
			isa = PBXFrameworksBuildPhase;
			buildActionMask = 2147483647;
			files = (
			);
			runOnlyForDeploymentPostprocessing = 0;
		};
/* End PBXFrameworksBuildPhase section */

/* Begin PBXGroup section */
		BAC87F631D41448B006AFC38 = {
			isa = PBXGroup;
			children = (
				BAC87F6E1D41448B006AFC38 /* NumberTiles */,
				BAC87F861D41448B006AFC38 /* NumberTilesTests */,
				BAC87F911D41448B006AFC38 /* NumberTilesUITests */,
				BAC87F6D1D41448B006AFC38 /* Products */,
				BAE876AC1D420A1500701DC7 /* Supporting Files */,
			);
			sourceTree = "<group>";
		};
		BAC87F6D1D41448B006AFC38 /* Products */ = {
			isa = PBXGroup;
			children = (
				BAC87F6C1D41448B006AFC38 /* NumberTiles.app */,
				BAC87F831D41448B006AFC38 /* NumberTilesTests.xctest */,
				BAC87F8E1D41448B006AFC38 /* NumberTilesUITests.xctest */,
			);
			name = Products;
			sourceTree = "<group>";
		};
		BAC87F6E1D41448B006AFC38 /* NumberTiles */ = {
			isa = PBXGroup;
			children = (
				BAE876A91D42015500701DC7 /* GameScreen */,
				BAE876A61D42003500701DC7 /* Launch */,
				BAC87F731D41448B006AFC38 /* Main.storyboard */,
			);
			path = NumberTiles;
			sourceTree = "<group>";
		};
		BAC87F861D41448B006AFC38 /* NumberTilesTests */ = {
			isa = PBXGroup;
			children = (
				BAC87F871D41448B006AFC38 /* NumberTilesTests.swift */,
				BAC87F891D41448B006AFC38 /* Info.plist */,
			);
			path = NumberTilesTests;
			sourceTree = "<group>";
		};
		BAC87F911D41448B006AFC38 /* NumberTilesUITests */ = {
			isa = PBXGroup;
			children = (
				BAC87F921D41448B006AFC38 /* NumberTilesUITests.swift */,
				BAC87F941D41448B006AFC38 /* Info.plist */,
			);
			path = NumberTilesUITests;
			sourceTree = "<group>";
		};
		BAE876A61D42003500701DC7 /* Launch */ = {
			isa = PBXGroup;
			children = (
				BAE876A71D42007000701DC7 /* LaunchViewController.swift */,
			);
			name = Launch;
			sourceTree = "<group>";
		};
		BAE876A91D42015500701DC7 /* GameScreen */ = {
			isa = PBXGroup;
			children = (
				BAE876AA1D42016600701DC7 /* GameScreenViewController.swift */,
			);
			name = GameScreen;
			sourceTree = "<group>";
		};
		BAE876AC1D420A1500701DC7 /* Supporting Files */ = {
			isa = PBXGroup;
			children = (
				BAC87F6F1D41448B006AFC38 /* AppDelegate.swift */,
				BAC87F791D41448B006AFC38 /* Assets.xcassets */,
				BAC87F7E1D41448B006AFC38 /* Info.plist */,
				BAC87F761D41448B006AFC38 /* NumberTiles.xcdatamodeld */,
			);
			name = "Supporting Files";
			sourceTree = "<group>";
		};
/* End PBXGroup section */

/* Begin PBXNativeTarget section */
		BAC87F6B1D41448B006AFC38 /* NumberTiles */ = {
			isa = PBXNativeTarget;
			buildConfigurationList = BAC87F971D41448B006AFC38 /* Build configuration list for PBXNativeTarget "NumberTiles" */;
			buildPhases = (
				BAC87F681D41448B006AFC38 /* Sources */,
				BAC87F691D41448B006AFC38 /* Frameworks */,
				BAC87F6A1D41448B006AFC38 /* Resources */,
			);
			buildRules = (
			);
			dependencies = (
			);
			name = NumberTiles;
			productName = NumberTiles;
			productReference = BAC87F6C1D41448B006AFC38 /* NumberTiles.app */;
			productType = "com.apple.product-type.application";
		};
		BAC87F821D41448B006AFC38 /* NumberTilesTests */ = {
			isa = PBXNativeTarget;
			buildConfigurationList = BAC87F9A1D41448B006AFC38 /* Build configuration list for PBXNativeTarget "NumberTilesTests" */;
			buildPhases = (
				BAC87F7F1D41448B006AFC38 /* Sources */,
				BAC87F801D41448B006AFC38 /* Frameworks */,
				BAC87F811D41448B006AFC38 /* Resources */,
			);
			buildRules = (
			);
			dependencies = (
				BAC87F851D41448B006AFC38 /* PBXTargetDependency */,
			);
			name = NumberTilesTests;
			productName = NumberTilesTests;
			productReference = BAC87F831D41448B006AFC38 /* NumberTilesTests.xctest */;
			productType = "com.apple.product-type.bundle.unit-test";
		};
		BAC87F8D1D41448B006AFC38 /* NumberTilesUITests */ = {
			isa = PBXNativeTarget;
			buildConfigurationList = BAC87F9D1D41448B006AFC38 /* Build configuration list for PBXNativeTarget "NumberTilesUITests" */;
			buildPhases = (
				BAC87F8A1D41448B006AFC38 /* Sources */,
				BAC87F8B1D41448B006AFC38 /* Frameworks */,
				BAC87F8C1D41448B006AFC38 /* Resources */,
			);
			buildRules = (
			);
			dependencies = (
				BAC87F901D41448B006AFC38 /* PBXTargetDependency */,
			);
			name = NumberTilesUITests;
			productName = NumberTilesUITests;
			productReference = BAC87F8E1D41448B006AFC38 /* NumberTilesUITests.xctest */;
			productType = "com.apple.product-type.bundle.ui-testing";
		};
/* End PBXNativeTarget section */

/* Begin PBXProject section */
		BAC87F641D41448B006AFC38 /* Project object */ = {
			isa = PBXProject;
			attributes = {
				LastSwiftUpdateCheck = 0730;
				LastUpgradeCheck = 0730;
				ORGANIZATIONNAME = akshay;
				TargetAttributes = {
					BAC87F6B1D41448B006AFC38 = {
						CreatedOnToolsVersion = 7.3.1;
						DevelopmentTeam = 742BWTFU9R;
					};
					BAC87F821D41448B006AFC38 = {
						CreatedOnToolsVersion = 7.3.1;
						TestTargetID = BAC87F6B1D41448B006AFC38;
					};
					BAC87F8D1D41448B006AFC38 = {
						CreatedOnToolsVersion = 7.3.1;
						TestTargetID = BAC87F6B1D41448B006AFC38;
					};
				};
			};
			buildConfigurationList = BAC87F671D41448B006AFC38 /* Build configuration list for PBXProject "NumberTiles" */;
			compatibilityVersion = "Xcode 3.2";
			developmentRegion = English;
			hasScannedForEncodings = 0;
			knownRegions = (
				en,
				Base,
			);
			mainGroup = BAC87F631D41448B006AFC38;
			productRefGroup = BAC87F6D1D41448B006AFC38 /* Products */;
			projectDirPath = "";
			projectRoot = "";
			targets = (
				BAC87F6B1D41448B006AFC38 /* NumberTiles */,
				BAC87F821D41448B006AFC38 /* NumberTilesTests */,
				BAC87F8D1D41448B006AFC38 /* NumberTilesUITests */,
			);
		};
/* End PBXProject section */

/* Begin PBXResourcesBuildPhase section */
		BAC87F6A1D41448B006AFC38 /* Resources */ = {
			isa = PBXResourcesBuildPhase;
			buildActionMask = 2147483647;
			files = (
				BAC87F7A1D41448B006AFC38 /* Assets.xcassets in Resources */,
				BAC87F751D41448B006AFC38 /* Main.storyboard in Resources */,
			);
			runOnlyForDeploymentPostprocessing = 0;
		};
		BAC87F811D41448B006AFC38 /* Resources */ = {
			isa = PBXResourcesBuildPhase;
			buildActionMask = 2147483647;
			files = (
			);
			runOnlyForDeploymentPostprocessing = 0;
		};
		BAC87F8C1D41448B006AFC38 /* Resources */ = {
			isa = PBXResourcesBuildPhase;
			buildActionMask = 2147483647;
			files = (
			);
			runOnlyForDeploymentPostprocessing = 0;
		};
/* End PBXResourcesBuildPhase section */

/* Begin PBXSourcesBuildPhase section */
		BAC87F681D41448B006AFC38 /* Sources */ = {
			isa = PBXSourcesBuildPhase;
			buildActionMask = 2147483647;
			files = (
				BAC87F781D41448B006AFC38 /* NumberTiles.xcdatamodeld in Sources */,
				BAE876A81D42007000701DC7 /* LaunchViewController.swift in Sources */,
				BAE876AB1D42016600701DC7 /* GameScreenViewController.swift in Sources */,
				BAC87F701D41448B006AFC38 /* AppDelegate.swift in Sources */,
			);
			runOnlyForDeploymentPostprocessing = 0;
		};
		BAC87F7F1D41448B006AFC38 /* Sources */ = {
			isa = PBXSourcesBuildPhase;
			buildActionMask = 2147483647;
			files = (
				BAC87F881D41448B006AFC38 /* NumberTilesTests.swift in Sources */,
			);
			runOnlyForDeploymentPostprocessing = 0;
		};
		BAC87F8A1D41448B006AFC38 /* Sources */ = {
			isa = PBXSourcesBuildPhase;
			buildActionMask = 2147483647;
			files = (
				BAC87F931D41448B006AFC38 /* NumberTilesUITests.swift in Sources */,
			);
			runOnlyForDeploymentPostprocessing = 0;
		};
/* End PBXSourcesBuildPhase section */

/* Begin PBXTargetDependency section */
		BAC87F851D41448B006AFC38 /* PBXTargetDependency */ = {
			isa = PBXTargetDependency;
			target = BAC87F6B1D41448B006AFC38 /* NumberTiles */;
			targetProxy = BAC87F841D41448B006AFC38 /* PBXContainerItemProxy */;
		};
		BAC87F901D41448B006AFC38 /* PBXTargetDependency */ = {
			isa = PBXTargetDependency;
			target = BAC87F6B1D41448B006AFC38 /* NumberTiles */;
			targetProxy = BAC87F8F1D41448B006AFC38 /* PBXContainerItemProxy */;
		};
/* End PBXTargetDependency section */

/* Begin PBXVariantGroup section */
		BAC87F731D41448B006AFC38 /* Main.storyboard */ = {
			isa = PBXVariantGroup;
			children = (
				BAC87F741D41448B006AFC38 /* Base */,
			);
			name = Main.storyboard;
			sourceTree = "<group>";
		};
/* End PBXVariantGroup section */

/* Begin XCBuildConfiguration section */
		BAC87F951D41448B006AFC38 /* Debug */ = {
			isa = XCBuildConfiguration;
			buildSettings = {
				ALWAYS_SEARCH_USER_PATHS = NO;
				CLANG_ANALYZER_NONNULL = YES;
				CLANG_CXX_LANGUAGE_STANDARD = "gnu++0x";
				CLANG_CXX_LIBRARY = "libc++";
				CLANG_ENABLE_MODULES = YES;
				CLANG_ENABLE_OBJC_ARC = YES;
				CLANG_WARN_BOOL_CONVERSION = YES;
				CLANG_WARN_CONSTANT_CONVERSION = YES;
				CLANG_WARN_DIRECT_OBJC_ISA_USAGE = YES_ERROR;
				CLANG_WARN_EMPTY_BODY = YES;
				CLANG_WARN_ENUM_CONVERSION = YES;
				CLANG_WARN_INT_CONVERSION = YES;
				CLANG_WARN_OBJC_ROOT_CLASS = YES_ERROR;
				CLANG_WARN_UNREACHABLE_CODE = YES;
				CLANG_WARN__DUPLICATE_METHOD_MATCH = YES;
				"CODE_SIGN_IDENTITY[sdk=iphoneos*]" = "iPhone Developer";
				COPY_PHASE_STRIP = NO;
				DEBUG_INFORMATION_FORMAT = dwarf;
				ENABLE_STRICT_OBJC_MSGSEND = YES;
				ENABLE_TESTABILITY = YES;
				GCC_C_LANGUAGE_STANDARD = gnu99;
				GCC_DYNAMIC_NO_PIC = NO;
				GCC_NO_COMMON_BLOCKS = YES;
				GCC_OPTIMIZATION_LEVEL = 0;
				GCC_PREPROCESSOR_DEFINITIONS = (
					"DEBUG=1",
					"$(inherited)",
				);
				GCC_WARN_64_TO_32_BIT_CONVERSION = YES;
				GCC_WARN_ABOUT_RETURN_TYPE = YES_ERROR;
				GCC_WARN_UNDECLARED_SELECTOR = YES;
				GCC_WARN_UNINITIALIZED_AUTOS = YES_AGGRESSIVE;
				GCC_WARN_UNUSED_FUNCTION = YES;
				GCC_WARN_UNUSED_VARIABLE = YES;
				IPHONEOS_DEPLOYMENT_TARGET = 9.3;
				MTL_ENABLE_DEBUG_INFO = YES;
				ONLY_ACTIVE_ARCH = YES;
				SDKROOT = iphoneos;
				SWIFT_OPTIMIZATION_LEVEL = "-Onone";
			};
			name = Debug;
		};
		BAC87F961D41448B006AFC38 /* Release */ = {
			isa = XCBuildConfiguration;
			buildSettings = {
				ALWAYS_SEARCH_USER_PATHS = NO;
				CLANG_ANALYZER_NONNULL = YES;
				CLANG_CXX_LANGUAGE_STANDARD = "gnu++0x";
				CLANG_CXX_LIBRARY = "libc++";
				CLANG_ENABLE_MODULES = YES;
				CLANG_ENABLE_OBJC_ARC = YES;
				CLANG_WARN_BOOL_CONVERSION = YES;
				CLANG_WARN_CONSTANT_CONVERSION = YES;
				CLANG_WARN_DIRECT_OBJC_ISA_USAGE = YES_ERROR;
				CLANG_WARN_EMPTY_BODY = YES;
				CLANG_WARN_ENUM_CONVERSION = YES;
				CLANG_WARN_INT_CONVERSION = YES;
				CLANG_WARN_OBJC_ROOT_CLASS = YES_ERROR;
				CLANG_WARN_UNREACHABLE_CODE = YES;
				CLANG_WARN__DUPLICATE_METHOD_MATCH = YES;
				"CODE_SIGN_IDENTITY[sdk=iphoneos*]" = "iPhone Developer";
				COPY_PHASE_STRIP = NO;
				DEBUG_INFORMATION_FORMAT = "dwarf-with-dsym";
				ENABLE_NS_ASSERTIONS = NO;
				ENABLE_STRICT_OBJC_MSGSEND = YES;
				GCC_C_LANGUAGE_STANDARD = gnu99;
				GCC_NO_COMMON_BLOCKS = YES;
				GCC_WARN_64_TO_32_BIT_CONVERSION = YES;
				GCC_WARN_ABOUT_RETURN_TYPE = YES_ERROR;
				GCC_WARN_UNDECLARED_SELECTOR = YES;
				GCC_WARN_UNINITIALIZED_AUTOS = YES_AGGRESSIVE;
				GCC_WARN_UNUSED_FUNCTION = YES;
				GCC_WARN_UNUSED_VARIABLE = YES;
				IPHONEOS_DEPLOYMENT_TARGET = 9.3;
				MTL_ENABLE_DEBUG_INFO = NO;
				SDKROOT = iphoneos;
				VALIDATE_PRODUCT = YES;
			};
			name = Release;
		};
		BAC87F981D41448B006AFC38 /* Debug */ = {
			isa = XCBuildConfiguration;
			buildSettings = {
				ASSETCATALOG_COMPILER_APPICON_NAME = AppIcon;
				CODE_SIGN_IDENTITY = "iPhone Developer";
				"CODE_SIGN_IDENTITY[sdk=iphoneos*]" = "iPhone Developer";
				INFOPLIST_FILE = NumberTiles/Info.plist;
				LD_RUNPATH_SEARCH_PATHS = "$(inherited) @executable_path/Frameworks";
				PRODUCT_BUNDLE_IDENTIFIER = akshayadav.NumberTiles;
				PRODUCT_NAME = "$(TARGET_NAME)";
				PROVISIONING_PROFILE = "";
			};
			name = Debug;
		};
		BAC87F991D41448B006AFC38 /* Release */ = {
			isa = XCBuildConfiguration;
			buildSettings = {
				ASSETCATALOG_COMPILER_APPICON_NAME = AppIcon;
				CODE_SIGN_IDENTITY = "iPhone Developer";
				"CODE_SIGN_IDENTITY[sdk=iphoneos*]" = "iPhone Developer";
				INFOPLIST_FILE = NumberTiles/Info.plist;
				LD_RUNPATH_SEARCH_PATHS = "$(inherited) @executable_path/Frameworks";
				PRODUCT_BUNDLE_IDENTIFIER = akshayadav.NumberTiles;
				PRODUCT_NAME = "$(TARGET_NAME)";
				PROVISIONING_PROFILE = "";
			};
			name = Release;
		};
		BAC87F9B1D41448B006AFC38 /* Debug */ = {
			isa = XCBuildConfiguration;
			buildSettings = {
				BUNDLE_LOADER = "$(TEST_HOST)";
				INFOPLIST_FILE = NumberTilesTests/Info.plist;
				LD_RUNPATH_SEARCH_PATHS = "$(inherited) @executable_path/Frameworks @loader_path/Frameworks";
				PRODUCT_BUNDLE_IDENTIFIER = akshayadav.NumberTilesTests;
				PRODUCT_NAME = "$(TARGET_NAME)";
				TEST_HOST = "$(BUILT_PRODUCTS_DIR)/NumberTiles.app/NumberTiles";
			};
			name = Debug;
		};
		BAC87F9C1D41448B006AFC38 /* Release */ = {
			isa = XCBuildConfiguration;
			buildSettings = {
				BUNDLE_LOADER = "$(TEST_HOST)";
				INFOPLIST_FILE = NumberTilesTests/Info.plist;
				LD_RUNPATH_SEARCH_PATHS = "$(inherited) @executable_path/Frameworks @loader_path/Frameworks";
				PRODUCT_BUNDLE_IDENTIFIER = akshayadav.NumberTilesTests;
				PRODUCT_NAME = "$(TARGET_NAME)";
				TEST_HOST = "$(BUILT_PRODUCTS_DIR)/NumberTiles.app/NumberTiles";
			};
			name = Release;
		};
		BAC87F9E1D41448B006AFC38 /* Debug */ = {
			isa = XCBuildConfiguration;
			buildSettings = {
				INFOPLIST_FILE = NumberTilesUITests/Info.plist;
				LD_RUNPATH_SEARCH_PATHS = "$(inherited) @executable_path/Frameworks @loader_path/Frameworks";
				PRODUCT_BUNDLE_IDENTIFIER = akshayadav.NumberTilesUITests;
				PRODUCT_NAME = "$(TARGET_NAME)";
				TEST_TARGET_NAME = NumberTiles;
			};
			name = Debug;
		};
		BAC87F9F1D41448B006AFC38 /* Release */ = {
			isa = XCBuildConfiguration;
			buildSettings = {
				INFOPLIST_FILE = NumberTilesUITests/Info.plist;
				LD_RUNPATH_SEARCH_PATHS = "$(inherited) @executable_path/Frameworks @loader_path/Frameworks";
				PRODUCT_BUNDLE_IDENTIFIER = akshayadav.NumberTilesUITests;
				PRODUCT_NAME = "$(TARGET_NAME)";
				TEST_TARGET_NAME = NumberTiles;
			};
			name = Release;
		};
/* End XCBuildConfiguration section */

/* Begin XCConfigurationList section */
		BAC87F671D41448B006AFC38 /* Build configuration list for PBXProject "NumberTiles" */ = {
			isa = XCConfigurationList;
			buildConfigurations = (
				BAC87F951D41448B006AFC38 /* Debug */,
				BAC87F961D41448B006AFC38 /* Release */,
			);
			defaultConfigurationIsVisible = 0;
			defaultConfigurationName = Release;
		};
		BAC87F971D41448B006AFC38 /* Build configuration list for PBXNativeTarget "NumberTiles" */ = {
			isa = XCConfigurationList;
			buildConfigurations = (
				BAC87F981D41448B006AFC38 /* Debug */,
				BAC87F991D41448B006AFC38 /* Release */,
			);
			defaultConfigurationIsVisible = 0;
			defaultConfigurationName = Release;
		};
		BAC87F9A1D41448B006AFC38 /* Build configuration list for PBXNativeTarget "NumberTilesTests" */ = {
			isa = XCConfigurationList;
			buildConfigurations = (
				BAC87F9B1D41448B006AFC38 /* Debug */,
				BAC87F9C1D41448B006AFC38 /* Release */,
			);
			defaultConfigurationIsVisible = 0;
			defaultConfigurationName = Release;
		};
		BAC87F9D1D41448B006AFC38 /* Build configuration list for PBXNativeTarget "NumberTilesUITests" */ = {
			isa = XCConfigurationList;
			buildConfigurations = (
				BAC87F9E1D41448B006AFC38 /* Debug */,
				BAC87F9F1D41448B006AFC38 /* Release */,
			);
			defaultConfigurationIsVisible = 0;
			defaultConfigurationName = Release;
		};
/* End XCConfigurationList section */

/* Begin XCVersionGroup section */
		BAC87F761D41448B006AFC38 /* NumberTiles.xcdatamodeld */ = {
			isa = XCVersionGroup;
			children = (
				BAC87F771D41448B006AFC38 /* NumberTiles.xcdatamodel */,
			);
			currentVersion = BAC87F771D41448B006AFC38 /* NumberTiles.xcdatamodel */;
			name = NumberTiles.xcdatamodeld;
			path = NumberTiles/NumberTiles.xcdatamodeld;
			sourceTree = "<group>";
			versionGroupType = wrapper.xcdatamodel;
		};
/* End XCVersionGroup section */
	};
	rootObject = BAC87F641D41448B006AFC38 /* Project object */;
}
